
Microsoft Visual Studio Solution File, Format Version 12.00
# Visual Studio 15
VisualStudioVersion = 15.0.28307.1169
MinimumVisualStudioVersion = 10.0.40219.1
Project("{F184B08F-C81C-45F6-A57F-5ABD9991F28F}") = "ddsretornovb", "ddsretornovb\ddsretornovb.vbproj", "{5E459982-C958-4626-98BC-06CE369554A6}"
EndProject
Global
	GlobalSection(SolutionConfigurationPlatforms) = preSolution
		Debug|Any CPU = Debug|Any CPU
		Release|Any CPU = Release|Any CPU
	EndGlobalSection
	GlobalSection(ProjectConfigurationPlatforms) = postSolution
		{5E459982-C958-4626-98BC-06CE369554A6}.Debug|Any CPU.ActiveCfg = Debug|Any CPU
		{5E459982-C958-4626-98BC-06CE369554A6}.Debug|Any CPU.Build.0 = Debug|Any CPU
		{5E459982-C958-4626-98BC-06CE369554A6}.Release|Any CPU.ActiveCfg = Release|Any CPU
		{5E459982-C958-4626-98BC-06CE369554A6}.Release|Any CPU.Build.0 = Release|Any CPU
	EndGlobalSection
	GlobalSection(SolutionProperties) = preSolution
		HideSolutionNode = FALSE
	EndGlobalSection
	GlobalSection(ExtensibilityGlobals) = postSolution
		SolutionGuid = {EE30ECB6-F52C-44A6-B059-25D7310B8067}
	EndGlobalSection
EndGlobal
